{
  "name": "menu",
  "version": "1.0.0",
  "lockfileVersion": 1,
  "requires": true,
  "dependencies": {
    "angular-route": {
      "version": "1.7.3",
      "resolved": "https://registry.npmjs.org/angular-route/-/angular-route-1.7.3.tgz",
      "integrity": "sha512-/x6kLCeiG9BCi4DZeuuPfK1G05w69uwu7x69hL4eqSq5VOUkmkbFK1oM2pIKPwkATSYT2QKK0rwPydZNBUvCsw=="
    }
  }
}
